
Microsoft Visual Studio Solution File, Format Version 12.00
# Visual Studio Version 17
VisualStudioVersion = 17.5.002.0
MinimumVisualStudioVersion = 10.0.40219.1
Project("{9A19103F-16F7-4668-BE54-9A1E7A4F7556}") = "№1", "№1.csproj", "{959D2FDD-80AD-47CD-8F86-2ADF3D7BBFB0}"
EndProject
Global
	GlobalSection(SolutionConfigurationPlatforms) = preSolution
		Debug|Any CPU = Debug|Any CPU
		Release|Any CPU = Release|Any CPU
	EndGlobalSection
	GlobalSection(ProjectConfigurationPlatforms) = postSolution
		{959D2FDD-80AD-47CD-8F86-2ADF3D7BBFB0}.Debug|Any CPU.ActiveCfg = Debug|Any CPU
		{959D2FDD-80AD-47CD-8F86-2ADF3D7BBFB0}.Debug|Any CPU.Build.0 = Debug|Any CPU
		{959D2FDD-80AD-47CD-8F86-2ADF3D7BBFB0}.Release|Any CPU.ActiveCfg = Release|Any CPU
		{959D2FDD-80AD-47CD-8F86-2ADF3D7BBFB0}.Release|Any CPU.Build.0 = Release|Any CPU
	EndGlobalSection
	GlobalSection(SolutionProperties) = preSolution
		HideSolutionNode = FALSE
	EndGlobalSection
	GlobalSection(ExtensibilityGlobals) = postSolution
		SolutionGuid = {BE2EA224-0971-42F8-8478-1203EE125830}
	EndGlobalSection
EndGlobal
