
Microsoft Visual Studio Solution File, Format Version 12.00
# Visual Studio Version 17
VisualStudioVersion = 17.5.002.0
MinimumVisualStudioVersion = 10.0.40219.1
Project("{9A19103F-16F7-4668-BE54-9A1E7A4F7556}") = "№3", "№3.csproj", "{7642FAE3-17F7-47B2-B977-F87EE53A2EA4}"
EndProject
Global
	GlobalSection(SolutionConfigurationPlatforms) = preSolution
		Debug|Any CPU = Debug|Any CPU
		Release|Any CPU = Release|Any CPU
	EndGlobalSection
	GlobalSection(ProjectConfigurationPlatforms) = postSolution
		{7642FAE3-17F7-47B2-B977-F87EE53A2EA4}.Debug|Any CPU.ActiveCfg = Debug|Any CPU
		{7642FAE3-17F7-47B2-B977-F87EE53A2EA4}.Debug|Any CPU.Build.0 = Debug|Any CPU
		{7642FAE3-17F7-47B2-B977-F87EE53A2EA4}.Release|Any CPU.ActiveCfg = Release|Any CPU
		{7642FAE3-17F7-47B2-B977-F87EE53A2EA4}.Release|Any CPU.Build.0 = Release|Any CPU
	EndGlobalSection
	GlobalSection(SolutionProperties) = preSolution
		HideSolutionNode = FALSE
	EndGlobalSection
	GlobalSection(ExtensibilityGlobals) = postSolution
		SolutionGuid = {84A48156-11AD-462B-9460-9A178F5093AC}
	EndGlobalSection
EndGlobal
